// !$*UTF8*$!
{
	archiveVersion = 1;
	classes = {
	};
	objectVersion = 46;
	objects = {

/* Begin PBXBuildFile section */
		D41BA2F11ABD3AF200D6FFE0 /* AppDelegate.swift in Sources */ = {isa = PBXBuildFile; fileRef = D41BA2F01ABD3AF200D6FFE0 /* AppDelegate.swift */; };
		D41BA2F31ABD3AF200D6FFE0 /* ViewController.swift in Sources */ = {isa = PBXBuildFile; fileRef = D41BA2F21ABD3AF200D6FFE0 /* ViewController.swift */; };
		D41BA2F61ABD3AF200D6FFE0 /* Main.storyboard in Resources */ = {isa = PBXBuildFile; fileRef = D41BA2F41ABD3AF200D6FFE0 /* Main.storyboard */; };
		D41BA2F81ABD3AF200D6FFE0 /* Images.xcassets in Resources */ = {isa = PBXBuildFile; fileRef = D41BA2F71ABD3AF200D6FFE0 /* Images.xcassets */; };
		D41BA2FB1ABD3AF200D6FFE0 /* LaunchScreen.xib in Resources */ = {isa = PBXBuildFile; fileRef = D41BA2F91ABD3AF200D6FFE0 /* LaunchScreen.xib */; };
		D41BA3071ABD3AF200D6FFE0 /* EKCalendarTests.swift in Sources */ = {isa = PBXBuildFile; fileRef = D41BA3061ABD3AF200D6FFE0 /* EKCalendarTests.swift */; };
/* End PBXBuildFile section */

/* Begin PBXContainerItemProxy section */
		D41BA3011ABD3AF200D6FFE0 /* PBXContainerItemProxy */ = {
			isa = PBXContainerItemProxy;
			containerPortal = D41BA2E31ABD3AF200D6FFE0 /* Project object */;
			proxyType = 1;
			remoteGlobalIDString = D41BA2EA1ABD3AF200D6FFE0;
			remoteInfo = EKCalendar;
		};
/* End PBXContainerItemProxy section */

/* Begin PBXFileReference section */
		D41BA2EB1ABD3AF200D6FFE0 /* EKCalendar.app */ = {isa = PBXFileReference; explicitFileType = wrapper.application; includeInIndex = 0; path = EKCalendar.app; sourceTree = BUILT_PRODUCTS_DIR; };
		D41BA2EF1ABD3AF200D6FFE0 /* Info.plist */ = {isa = PBXFileReference; lastKnownFileType = text.plist.xml; path = Info.plist; sourceTree = "<group>"; };
		D41BA2F01ABD3AF200D6FFE0 /* AppDelegate.swift */ = {isa = PBXFileReference; lastKnownFileType = sourcecode.swift; path = AppDelegate.swift; sourceTree = "<group>"; };
		D41BA2F21ABD3AF200D6FFE0 /* ViewController.swift */ = {isa = PBXFileReference; lastKnownFileType = sourcecode.swift; path = ViewController.swift; sourceTree = "<group>"; };
		D41BA2F51ABD3AF200D6FFE0 /* Base */ = {isa = PBXFileReference; lastKnownFileType = file.storyboard; name = Base; path = Base.lproj/Main.storyboard; sourceTree = "<group>"; };
		D41BA2F71ABD3AF200D6FFE0 /* Images.xcassets */ = {isa = PBXFileReference; lastKnownFileType = folder.assetcatalog; path = Images.xcassets; sourceTree = "<group>"; };
		D41BA2FA1ABD3AF200D6FFE0 /* Base */ = {isa = PBXFileReference; lastKnownFileType = file.xib; name = Base; path = Base.lproj/LaunchScreen.xib; sourceTree = "<group>"; };
		D41BA3001ABD3AF200D6FFE0 /* EKCalendarTests.xctest */ = {isa = PBXFileReference; explicitFileType = wrapper.cfbundle; includeInIndex = 0; path = EKCalendarTests.xctest; sourceTree = BUILT_PRODUCTS_DIR; };
		D41BA3051ABD3AF200D6FFE0 /* Info.plist */ = {isa = PBXFileReference; lastKnownFileType = text.plist.xml; path = Info.plist; sourceTree = "<group>"; };
		D41BA3061ABD3AF200D6FFE0 /* EKCalendarTests.swift */ = {isa = PBXFileReference; lastKnownFileType = sourcecode.swift; path = EKCalendarTests.swift; sourceTree = "<group>"; };
/* End PBXFileReference section */

/* Begin PBXFrameworksBuildPhase section */
		D41BA2E81ABD3AF200D6FFE0 /* Frameworks */ = {
			isa = PBXFrameworksBuildPhase;
			buildActionMask = 2147483647;
			files = (
			);
			runOnlyForDeploymentPostprocessing = 0;
		};
		D41BA2FD1ABD3AF200D6FFE0 /* Frameworks */ = {
			isa = PBXFrameworksBuildPhase;
			buildActionMask = 2147483647;
			files = (
			);
			runOnlyForDeploymentPostprocessing = 0;
		};
/* End PBXFrameworksBuildPhase section */

/* Begin PBXGroup section */
		D41BA2E21ABD3AF200D6FFE0 = {
			isa = PBXGroup;
			children = (
				D41BA2ED1ABD3AF200D6FFE0 /* EKCalendar */,
				D41BA3031ABD3AF200D6FFE0 /* EKCalendarTests */,
				D41BA2EC1ABD3AF200D6FFE0 /* Products */,
			);
			sourceTree = "<group>";
		};
		D41BA2EC1ABD3AF200D6FFE0 /* Products */ = {
			isa = PBXGroup;
			children = (
				D41BA2EB1ABD3AF200D6FFE0 /* EKCalendar.app */,
				D41BA3001ABD3AF200D6FFE0 /* EKCalendarTests.xctest */,
			);
			name = Products;
			sourceTree = "<group>";
		};
		D41BA2ED1ABD3AF200D6FFE0 /* EKCalendar */ = {
			isa = PBXGroup;
			children = (
				D41BA2F01ABD3AF200D6FFE0 /* AppDelegate.swift */,
				D41BA2F21ABD3AF200D6FFE0 /* ViewController.swift */,
				D41BA2F41ABD3AF200D6FFE0 /* Main.storyboard */,
				D41BA2F71ABD3AF200D6FFE0 /* Images.xcassets */,
				D41BA2F91ABD3AF200D6FFE0 /* LaunchScreen.xib */,
				D41BA2EE1ABD3AF200D6FFE0 /* Supporting Files */,
			);
			path = EKCalendar;
			sourceTree = "<group>";
		};
		D41BA2EE1ABD3AF200D6FFE0 /* Supporting Files */ = {
			isa = PBXGroup;
			children = (
				D41BA2EF1ABD3AF200D6FFE0 /* Info.plist */,
			);
			name = "Supporting Files";
			sourceTree = "<group>";
		};
		D41BA3031ABD3AF200D6FFE0 /* EKCalendarTests */ = {
			isa = PBXGroup;
			children = (
				D41BA3061ABD3AF200D6FFE0 /* EKCalendarTests.swift */,
				D41BA3041ABD3AF200D6FFE0 /* Supporting Files */,
			);
			path = EKCalendarTests;
			sourceTree = "<group>";
		};
		D41BA3041ABD3AF200D6FFE0 /* Supporting Files */ = {
			isa = PBXGroup;
			children = (
				D41BA3051ABD3AF200D6FFE0 /* Info.plist */,
			);
			name = "Supporting Files";
			sourceTree = "<group>";
		};
/* End PBXGroup section */

/* Begin PBXNativeTarget section */
		D41BA2EA1ABD3AF200D6FFE0 /* EKCalendar */ = {
			isa = PBXNativeTarget;
			buildConfigurationList = D41BA30A1ABD3AF200D6FFE0 /* Build configuration list for PBXNativeTarget "EKCalendar" */;
			buildPhases = (
				D41BA2E71ABD3AF200D6FFE0 /* Sources */,
				D41BA2E81ABD3AF200D6FFE0 /* Frameworks */,
				D41BA2E91ABD3AF200D6FFE0 /* Resources */,
			);
			buildRules = (
			);
			dependencies = (
			);
			name = EKCalendar;
			productName = EKCalendar;
			productReference = D41BA2EB1ABD3AF200D6FFE0 /* EKCalendar.app */;
			productType = "com.apple.product-type.application";
		};
		D41BA2FF1ABD3AF200D6FFE0 /* EKCalendarTests */ = {
			isa = PBXNativeTarget;
			buildConfigurationList = D41BA30D1ABD3AF200D6FFE0 /* Build configuration list for PBXNativeTarget "EKCalendarTests" */;
			buildPhases = (
				D41BA2FC1ABD3AF200D6FFE0 /* Sources */,
				D41BA2FD1ABD3AF200D6FFE0 /* Frameworks */,
				D41BA2FE1ABD3AF200D6FFE0 /* Resources */,
			);
			buildRules = (
			);
			dependencies = (
				D41BA3021ABD3AF200D6FFE0 /* PBXTargetDependency */,
			);
			name = EKCalendarTests;
			productName = EKCalendarTests;
			productReference = D41BA3001ABD3AF200D6FFE0 /* EKCalendarTests.xctest */;
			productType = "com.apple.product-type.bundle.unit-test";
		};
/* End PBXNativeTarget section */

/* Begin PBXProject section */
		D41BA2E31ABD3AF200D6FFE0 /* Project object */ = {
			isa = PBXProject;
			attributes = {
				LastUpgradeCheck = 0620;
				ORGANIZATIONNAME = "Eric Kang";
				TargetAttributes = {
					D41BA2EA1ABD3AF200D6FFE0 = {
						CreatedOnToolsVersion = 6.2;
					};
					D41BA2FF1ABD3AF200D6FFE0 = {
						CreatedOnToolsVersion = 6.2;
						TestTargetID = D41BA2EA1ABD3AF200D6FFE0;
					};
				};
			};
			buildConfigurationList = D41BA2E61ABD3AF200D6FFE0 /* Build configuration list for PBXProject "EKCalendar" */;
			compatibilityVersion = "Xcode 3.2";
			developmentRegion = English;
			hasScannedForEncodings = 0;
			knownRegions = (
				en,
				Base,
			);
			mainGroup = D41BA2E21ABD3AF200D6FFE0;
			productRefGroup = D41BA2EC1ABD3AF200D6FFE0 /* Products */;
			projectDirPath = "";
			projectRoot = "";
			targets = (
				D41BA2EA1ABD3AF200D6FFE0 /* EKCalendar */,
				D41BA2FF1ABD3AF200D6FFE0 /* EKCalendarTests */,
			);
		};
/* End PBXProject section */

/* Begin PBXResourcesBuildPhase section */
		D41BA2E91ABD3AF200D6FFE0 /* Resources */ = {
			isa = PBXResourcesBuildPhase;
			buildActionMask = 2147483647;
			files = (
				D41BA2F61ABD3AF200D6FFE0 /* Main.storyboard in Resources */,
				D41BA2FB1ABD3AF200D6FFE0 /* LaunchScreen.xib in Resources */,
				D41BA2F81ABD3AF200D6FFE0 /* Images.xcassets in Resources */,
			);
			runOnlyForDeploymentPostprocessing = 0;
		};
		D41BA2FE1ABD3AF200D6FFE0 /* Resources */ = {
			isa = PBXResourcesBuildPhase;
			buildActionMask = 2147483647;
			files = (
			);
			runOnlyForDeploymentPostprocessing = 0;
		};
/* End PBXResourcesBuildPhase section */

/* Begin PBXSourcesBuildPhase section */
		D41BA2E71ABD3AF200D6FFE0 /* Sources */ = {
			isa = PBXSourcesBuildPhase;
			buildActionMask = 2147483647;
			files = (
				D41BA2F31ABD3AF200D6FFE0 /* ViewController.swift in Sources */,
				D41BA2F11ABD3AF200D6FFE0 /* AppDelegate.swift in Sources */,
			);
			runOnlyForDeploymentPostprocessing = 0;
		};
		D41BA2FC1ABD3AF200D6FFE0 /* Sources */ = {
			isa = PBXSourcesBuildPhase;
			buildActionMask = 2147483647;
			files = (
				D41BA3071ABD3AF200D6FFE0 /* EKCalendarTests.swift in Sources */,
			);
			runOnlyForDeploymentPostprocessing = 0;
		};
/* End PBXSourcesBuildPhase section */

/* Begin PBXTargetDependency section */
		D41BA3021ABD3AF200D6FFE0 /* PBXTargetDependency */ = {
			isa = PBXTargetDependency;
			target = D41BA2EA1ABD3AF200D6FFE0 /* EKCalendar */;
			targetProxy = D41BA3011ABD3AF200D6FFE0 /* PBXContainerItemProxy */;
		};
/* End PBXTargetDependency section */

/* Begin PBXVariantGroup section */
		D41BA2F41ABD3AF200D6FFE0 /* Main.storyboard */ = {
			isa = PBXVariantGroup;
			children = (
				D41BA2F51ABD3AF200D6FFE0 /* Base */,
			);
			name = Main.storyboard;
			sourceTree = "<group>";
		};
		D41BA2F91ABD3AF200D6FFE0 /* LaunchScreen.xib */ = {
			isa = PBXVariantGroup;
			children = (
				D41BA2FA1ABD3AF200D6FFE0 /* Base */,
			);
			name = LaunchScreen.xib;
			sourceTree = "<group>";
		};
/* End PBXVariantGroup section */

/* Begin XCBuildConfiguration section */
		D41BA3081ABD3AF200D6FFE0 /* Debug */ = {
			isa = XCBuildConfiguration;
			buildSettings = {
				ALWAYS_SEARCH_USER_PATHS = NO;
				CLANG_CXX_LANGUAGE_STANDARD = "gnu++0x";
				CLANG_CXX_LIBRARY = "libc++";
				CLANG_ENABLE_MODULES = YES;
				CLANG_ENABLE_OBJC_ARC = YES;
				CLANG_WARN_BOOL_CONVERSION = YES;
				CLANG_WARN_CONSTANT_CONVERSION = YES;
				CLANG_WARN_DIRECT_OBJC_ISA_USAGE = YES_ERROR;
				CLANG_WARN_EMPTY_BODY = YES;
				CLANG_WARN_ENUM_CONVERSION = YES;
				CLANG_WARN_INT_CONVERSION = YES;
				CLANG_WARN_OBJC_ROOT_CLASS = YES_ERROR;
				CLANG_WARN_UNREACHABLE_CODE = YES;
				CLANG_WARN__DUPLICATE_METHOD_MATCH = YES;
				"CODE_SIGN_IDENTITY[sdk=iphoneos*]" = "iPhone Developer";
				COPY_PHASE_STRIP = NO;
				ENABLE_STRICT_OBJC_MSGSEND = YES;
				GCC_C_LANGUAGE_STANDARD = gnu99;
				GCC_DYNAMIC_NO_PIC = NO;
				GCC_OPTIMIZATION_LEVEL = 0;
				GCC_PREPROCESSOR_DEFINITIONS = (
					"DEBUG=1",
					"$(inherited)",
				);
				GCC_SYMBOLS_PRIVATE_EXTERN = NO;
				GCC_WARN_64_TO_32_BIT_CONVERSION = YES;
				GCC_WARN_ABOUT_RETURN_TYPE = YES_ERROR;
				GCC_WARN_UNDECLARED_SELECTOR = YES;
				GCC_WARN_UNINITIALIZED_AUTOS = YES_AGGRESSIVE;
				GCC_WARN_UNUSED_FUNCTION = YES;
				GCC_WARN_UNUSED_VARIABLE = YES;
				IPHONEOS_DEPLOYMENT_TARGET = 8.2;
				MTL_ENABLE_DEBUG_INFO = YES;
				ONLY_ACTIVE_ARCH = YES;
				SDKROOT = iphoneos;
				SWIFT_OPTIMIZATION_LEVEL = "-Onone";
			};
			name = Debug;
		};
		D41BA3091ABD3AF200D6FFE0 /* Release */ = {
			isa = XCBuildConfiguration;
			buildSettings = {
				ALWAYS_SEARCH_USER_PATHS = NO;
				CLANG_CXX_LANGUAGE_STANDARD = "gnu++0x";
				CLANG_CXX_LIBRARY = "libc++";
				CLANG_ENABLE_MODULES = YES;
				CLANG_ENABLE_OBJC_ARC = YES;
				CLANG_WARN_BOOL_CONVERSION = YES;
				CLANG_WARN_CONSTANT_CONVERSION = YES;
				CLANG_WARN_DIRECT_OBJC_ISA_USAGE = YES_ERROR;
				CLANG_WARN_EMPTY_BODY = YES;
				CLANG_WARN_ENUM_CONVERSION = YES;
				CLANG_WARN_INT_CONVERSION = YES;
				CLANG_WARN_OBJC_ROOT_CLASS = YES_ERROR;
				CLANG_WARN_UNREACHABLE_CODE = YES;
				CLANG_WARN__DUPLICATE_METHOD_MATCH = YES;
				"CODE_SIGN_IDENTITY[sdk=iphoneos*]" = "iPhone Developer";
				COPY_PHASE_STRIP = NO;
				ENABLE_NS_ASSERTIONS = NO;
				ENABLE_STRICT_OBJC_MSGSEND = YES;
				GCC_C_LANGUAGE_STANDARD = gnu99;
				GCC_WARN_64_TO_32_BIT_CONVERSION = YES;
				GCC_WARN_ABOUT_RETURN_TYPE = YES_ERROR;
				GCC_WARN_UNDECLARED_SELECTOR = YES;
				GCC_WARN_UNINITIALIZED_AUTOS = YES_AGGRESSIVE;
				GCC_WARN_UNUSED_FUNCTION = YES;
				GCC_WARN_UNUSED_VARIABLE = YES;
				IPHONEOS_DEPLOYMENT_TARGET = 8.2;
				MTL_ENABLE_DEBUG_INFO = NO;
				SDKROOT = iphoneos;
				VALIDATE_PRODUCT = YES;
			};
			name = Release;
		};
		D41BA30B1ABD3AF200D6FFE0 /* Debug */ = {
			isa = XCBuildConfiguration;
			buildSettings = {
				ASSETCATALOG_COMPILER_APPICON_NAME = AppIcon;
				INFOPLIST_FILE = EKCalendar/Info.plist;
				LD_RUNPATH_SEARCH_PATHS = "$(inherited) @executable_path/Frameworks";
				PRODUCT_NAME = "$(TARGET_NAME)";
			};
			name = Debug;
		};
		D41BA30C1ABD3AF200D6FFE0 /* Release */ = {
			isa = XCBuildConfiguration;
			buildSettings = {
				ASSETCATALOG_COMPILER_APPICON_NAME = AppIcon;
				INFOPLIST_FILE = EKCalendar/Info.plist;
				LD_RUNPATH_SEARCH_PATHS = "$(inherited) @executable_path/Frameworks";
				PRODUCT_NAME = "$(TARGET_NAME)";
			};
			name = Release;
		};
		D41BA30E1ABD3AF200D6FFE0 /* Debug */ = {
			isa = XCBuildConfiguration;
			buildSettings = {
				BUNDLE_LOADER = "$(TEST_HOST)";
				FRAMEWORK_SEARCH_PATHS = (
					"$(SDKROOT)/Developer/Library/Frameworks",
					"$(inherited)",
				);
				GCC_PREPROCESSOR_DEFINITIONS = (
					"DEBUG=1",
					"$(inherited)",
				);
				INFOPLIST_FILE = EKCalendarTests/Info.plist;
				LD_RUNPATH_SEARCH_PATHS = "$(inherited) @executable_path/Frameworks @loader_path/Frameworks";
				PRODUCT_NAME = "$(TARGET_NAME)";
				TEST_HOST = "$(BUILT_PRODUCTS_DIR)/EKCalendar.app/EKCalendar";
			};
			name = Debug;
		};
		D41BA30F1ABD3AF200D6FFE0 /* Release */ = {
			isa = XCBuildConfiguration;
			buildSettings = {
				BUNDLE_LOADER = "$(TEST_HOST)";
				FRAMEWORK_SEARCH_PATHS = (
					"$(SDKROOT)/Developer/Library/Frameworks",
					"$(inherited)",
				);
				INFOPLIST_FILE = EKCalendarTests/Info.plist;
				LD_RUNPATH_SEARCH_PATHS = "$(inherited) @executable_path/Frameworks @loader_path/Frameworks";
				PRODUCT_NAME = "$(TARGET_NAME)";
				TEST_HOST = "$(BUILT_PRODUCTS_DIR)/EKCalendar.app/EKCalendar";
			};
			name = Release;
		};
/* End XCBuildConfiguration section */

/* Begin XCConfigurationList section */
		D41BA2E61ABD3AF200D6FFE0 /* Build configuration list for PBXProject "EKCalendar" */ = {
			isa = XCConfigurationList;
			buildConfigurations = (
				D41BA3081ABD3AF200D6FFE0 /* Debug */,
				D41BA3091ABD3AF200D6FFE0 /* Release */,
			);
			defaultConfigurationIsVisible = 0;
			defaultConfigurationName = Release;
		};
		D41BA30A1ABD3AF200D6FFE0 /* Build configuration list for PBXNativeTarget "EKCalendar" */ = {
			isa = XCConfigurationList;
			buildConfigurations = (
				D41BA30B1ABD3AF200D6FFE0 /* Debug */,
				D41BA30C1ABD3AF200D6FFE0 /* Release */,
			);
			defaultConfigurationIsVisible = 0;
			defaultConfigurationName = Release;
		};
		D41BA30D1ABD3AF200D6FFE0 /* Build configuration list for PBXNativeTarget "EKCalendarTests" */ = {
			isa = XCConfigurationList;
			buildConfigurations = (
				D41BA30E1ABD3AF200D6FFE0 /* Debug */,
				D41BA30F1ABD3AF200D6FFE0 /* Release */,
			);
			defaultConfigurationIsVisible = 0;
			defaultConfigurationName = Release;
		};
/* End XCConfigurationList section */
	};
	rootObject = D41BA2E31ABD3AF200D6FFE0 /* Project object */;
}
